
Microsoft Visual Studio Solution File, Format Version 12.00
# Visual Studio 2012
Project("{8BC9CEB8-8B4A-11D0-8D11-00A0C91BC942}") = "JINGYI_CE1", "JINGYI_CE1\JINGYI_CE1.vcxproj", "{6388732B-4763-4D59-A349-93B5066A380B}"
EndProject
Global
	GlobalSection(SolutionConfigurationPlatforms) = preSolution
		Debug|Win32 = Debug|Win32
		Release|Win32 = Release|Win32
	EndGlobalSection
	GlobalSection(ProjectConfigurationPlatforms) = postSolution
		{6388732B-4763-4D59-A349-93B5066A380B}.Debug|Win32.ActiveCfg = Debug|Win32
		{6388732B-4763-4D59-A349-93B5066A380B}.Debug|Win32.Build.0 = Debug|Win32
		{6388732B-4763-4D59-A349-93B5066A380B}.Release|Win32.ActiveCfg = Release|Win32
		{6388732B-4763-4D59-A349-93B5066A380B}.Release|Win32.Build.0 = Release|Win32
	EndGlobalSection
	GlobalSection(SolutionProperties) = preSolution
		HideSolutionNode = FALSE
	EndGlobalSection
EndGlobal
